
Microsoft Visual Studio Solution File, Format Version 12.00
# Visual Studio Version 16
VisualStudioVersion = 16.0.30516.212
MinimumVisualStudioVersion = 10.0.40219.1
Project("{9A19103F-16F7-4668-BE54-9A1E7A4F7556}") = "Models", "Models\Models.csproj", "{E15DF2F4-0D20-4C59-AA3B-3AF4D819201C}"
EndProject
Project("{9A19103F-16F7-4668-BE54-9A1E7A4F7556}") = "Repository", "Repository\Repository.csproj", "{84F651B0-EFD7-48A2-B375-0BFE51370F88}"
EndProject
Project("{9A19103F-16F7-4668-BE54-9A1E7A4F7556}") = "Service", "Service\Service.csproj", "{97196461-01CF-4585-8365-10D8642B111A}"
EndProject
Global
	GlobalSection(SolutionConfigurationPlatforms) = preSolution
		Debug|Any CPU = Debug|Any CPU
		Release|Any CPU = Release|Any CPU
	EndGlobalSection
	GlobalSection(ProjectConfigurationPlatforms) = postSolution
		{E15DF2F4-0D20-4C59-AA3B-3AF4D819201C}.Debug|Any CPU.ActiveCfg = Debug|Any CPU
		{E15DF2F4-0D20-4C59-AA3B-3AF4D819201C}.Debug|Any CPU.Build.0 = Debug|Any CPU
		{E15DF2F4-0D20-4C59-AA3B-3AF4D819201C}.Release|Any CPU.ActiveCfg = Release|Any CPU
		{E15DF2F4-0D20-4C59-AA3B-3AF4D819201C}.Release|Any CPU.Build.0 = Release|Any CPU
		{84F651B0-EFD7-48A2-B375-0BFE51370F88}.Debug|Any CPU.ActiveCfg = Debug|Any CPU
		{84F651B0-EFD7-48A2-B375-0BFE51370F88}.Debug|Any CPU.Build.0 = Debug|Any CPU
		{84F651B0-EFD7-48A2-B375-0BFE51370F88}.Release|Any CPU.ActiveCfg = Release|Any CPU
		{84F651B0-EFD7-48A2-B375-0BFE51370F88}.Release|Any CPU.Build.0 = Release|Any CPU
		{97196461-01CF-4585-8365-10D8642B111A}.Debug|Any CPU.ActiveCfg = Debug|Any CPU
		{97196461-01CF-4585-8365-10D8642B111A}.Debug|Any CPU.Build.0 = Debug|Any CPU
		{97196461-01CF-4585-8365-10D8642B111A}.Release|Any CPU.ActiveCfg = Release|Any CPU
		{97196461-01CF-4585-8365-10D8642B111A}.Release|Any CPU.Build.0 = Release|Any CPU
	EndGlobalSection
	GlobalSection(SolutionProperties) = preSolution
		HideSolutionNode = FALSE
	EndGlobalSection
	GlobalSection(ExtensibilityGlobals) = postSolution
		SolutionGuid = {B94AA413-0020-484C-BE05-90D9D74CFF51}
	EndGlobalSection
EndGlobal
